// !$*UTF8*$!
{
	archiveVersion = 1;
	classes = {
	};
	objectVersion = 56;
	objects = {

/* Begin PBXBuildFile section */
		59095B4A2DA1F4DC009F6634 /* CurrencyCoordinatorViewModel.swift in Sources */ = {isa = PBXBuildFile; fileRef = 59095B472DA1F4DC009F6634 /* CurrencyCoordinatorViewModel.swift */; };
		59095B4B2DA1F4DC009F6634 /* CurrencyCoordinator.swift in Sources */ = {isa = PBXBuildFile; fileRef = 59095B462DA1F4DC009F6634 /* CurrencyCoordinator.swift */; };
		59095B4D2DA2C738009F6634 /* FavoritesManager.swift in Sources */ = {isa = PBXBuildFile; fileRef = 59095B4C2DA2C738009F6634 /* FavoritesManager.swift */; };
		59095B622DA2CFC7009F6634 /* FavoritesManagerTests.swift in Sources */ = {isa = PBXBuildFile; fileRef = 59095B602DA2CFC7009F6634 /* FavoritesManagerTests.swift */; };
		59095B682DA3DD45009F6634 /* LastUpdateTimeView.swift in Sources */ = {isa = PBXBuildFile; fileRef = 59095B672DA3DD45009F6634 /* LastUpdateTimeView.swift */; };
		59095B6B2DA3F617009F6634 /* AssetRow.swift in Sources */ = {isa = PBXBuildFile; fileRef = 59095B6A2DA3F617009F6634 /* AssetRow.swift */; };
		59095B6D2DA3F654009F6634 /* SearchBar.swift in Sources */ = {isa = PBXBuildFile; fileRef = 59095B6C2DA3F654009F6634 /* SearchBar.swift */; };
		59095B722DA3FA90009F6634 /* TopAlert.swift in Sources */ = {isa = PBXBuildFile; fileRef = 59095B712DA3FA90009F6634 /* TopAlert.swift */; };
		59095B752DA3FACD009F6634 /* MonitorConnection.swift in Sources */ = {isa = PBXBuildFile; fileRef = 59095B742DA3FACD009F6634 /* MonitorConnection.swift */; };
		59095B782DA4091C009F6634 /* AssetRowModel.swift in Sources */ = {isa = PBXBuildFile; fileRef = 59095B772DA4091C009F6634 /* AssetRowModel.swift */; };
		592977E329EC9D1200536347 /* CurrencySyncApp.swift in Sources */ = {isa = PBXBuildFile; fileRef = 592977B029EC7ADD00536347 /* CurrencySyncApp.swift */; };
		592977E429EC9D2600536347 /* APIClient.swift in Sources */ = {isa = PBXBuildFile; fileRef = 592977B329EC7ADD00536347 /* APIClient.swift */; };
		592977E529EC9D2A00536347 /* ExchangerRouter.swift in Sources */ = {isa = PBXBuildFile; fileRef = 592977B529EC7ADD00536347 /* ExchangerRouter.swift */; };
		592977E629EC9D2C00536347 /* ExchangerClient.swift in Sources */ = {isa = PBXBuildFile; fileRef = 592977B629EC7ADD00536347 /* ExchangerClient.swift */; };
		592977E729EC9D3700536347 /* EmptyResponse.swift in Sources */ = {isa = PBXBuildFile; fileRef = 592977B829EC7ADD00536347 /* EmptyResponse.swift */; };
		592977E829EC9D3C00536347 /* ErrorResponce.swift in Sources */ = {isa = PBXBuildFile; fileRef = 592977BD29EC7ADD00536347 /* ErrorResponce.swift */; };
		592977E929EC9D3C00536347 /* APIError.swift in Sources */ = {isa = PBXBuildFile; fileRef = 592977B929EC7ADD00536347 /* APIError.swift */; };
		592977EA29EC9D3C00536347 /* APIErrorCode.swift in Sources */ = {isa = PBXBuildFile; fileRef = 592977BA29EC7ADD00536347 /* APIErrorCode.swift */; };
		592977EB29EC9D3C00536347 /* HTTPMethod.swift in Sources */ = {isa = PBXBuildFile; fileRef = 592977BB29EC7ADD00536347 /* HTTPMethod.swift */; };
		592977EC29EC9D3C00536347 /* NetworkService.swift in Sources */ = {isa = PBXBuildFile; fileRef = 592977BE29EC7ADD00536347 /* NetworkService.swift */; };
		592977ED29EC9D3C00536347 /* BaseRouter.swift in Sources */ = {isa = PBXBuildFile; fileRef = 592977BC29EC7ADD00536347 /* BaseRouter.swift */; };
		592977EE29EC9D4400536347 /* Assets.xcassets in Resources */ = {isa = PBXBuildFile; fileRef = 592977BF29EC7ADD00536347 /* Assets.xcassets */; };
		592977EF29EC9D4700536347 /* Log.swift in Sources */ = {isa = PBXBuildFile; fileRef = 592977C129EC7ADD00536347 /* Log.swift */; };
		592977F029EC9D4B00536347 /* Preview Assets.xcassets in Resources */ = {isa = PBXBuildFile; fileRef = 592977C329EC7ADD00536347 /* Preview Assets.xcassets */; };
		592977F429EC9D6500536347 /* CodableService.swift in Sources */ = {isa = PBXBuildFile; fileRef = 592977C729EC7ADD00536347 /* CodableService.swift */; };
		592977F629EC9D6500536347 /* AppStorageManager.swift in Sources */ = {isa = PBXBuildFile; fileRef = 592977C629EC7ADD00536347 /* AppStorageManager.swift */; };
		592977F729EC9D6500536347 /* CurrencyModel.swift in Sources */ = {isa = PBXBuildFile; fileRef = 592977D629EC7ADD00536347 /* CurrencyModel.swift */; };
		592977F929EC9D6500536347 /* CurrencyView.swift in Sources */ = {isa = PBXBuildFile; fileRef = 592977D529EC7ADD00536347 /* CurrencyView.swift */; };
		592977FC29EC9D6500536347 /* CurrencyViewModel.swift in Sources */ = {isa = PBXBuildFile; fileRef = 592977D729EC7ADD00536347 /* CurrencyViewModel.swift */; };
		592977FD29EC9D6500536347 /* AssetViewModel.swift in Sources */ = {isa = PBXBuildFile; fileRef = 592977CF29EC7ADD00536347 /* AssetViewModel.swift */; };
		592977FE29EC9D6500536347 /* CurrencyRowModel.swift in Sources */ = {isa = PBXBuildFile; fileRef = 592977D329EC7ADD00536347 /* CurrencyRowModel.swift */; };
		5929780229EC9D6500536347 /* CurrencyRowView.swift in Sources */ = {isa = PBXBuildFile; fileRef = 592977D429EC7ADD00536347 /* CurrencyRowView.swift */; };
		5929780329EC9D6500536347 /* AssetView.swift in Sources */ = {isa = PBXBuildFile; fileRef = 592977D029EC7ADD00536347 /* AssetView.swift */; };
		5929780729EC9FB100536347 /* String+Extensions.swift in Sources */ = {isa = PBXBuildFile; fileRef = 592977AC29EC7ADD00536347 /* String+Extensions.swift */; };
		59700D7129EB38B50050D854 /* FlowStacks in Frameworks */ = {isa = PBXBuildFile; productRef = 59700D7029EB38B50050D854 /* FlowStacks */; };
/* End PBXBuildFile section */

/* Begin PBXContainerItemProxy section */
		59095B5A2DA2CFAA009F6634 /* PBXContainerItemProxy */ = {
			isa = PBXContainerItemProxy;
			containerPortal = 59D0DEAA29E9D04B00BA8055 /* Project object */;
			proxyType = 1;
			remoteGlobalIDString = 59D0DEB129E9D04B00BA8055;
			remoteInfo = Exchanger;
		};
/* End PBXContainerItemProxy section */

/* Begin PBXFileReference section */
		59095B462DA1F4DC009F6634 /* CurrencyCoordinator.swift */ = {isa = PBXFileReference; lastKnownFileType = sourcecode.swift; path = CurrencyCoordinator.swift; sourceTree = "<group>"; };
		59095B472DA1F4DC009F6634 /* CurrencyCoordinatorViewModel.swift */ = {isa = PBXFileReference; lastKnownFileType = sourcecode.swift; path = CurrencyCoordinatorViewModel.swift; sourceTree = "<group>"; };
		59095B4C2DA2C738009F6634 /* FavoritesManager.swift */ = {isa = PBXFileReference; lastKnownFileType = sourcecode.swift; path = FavoritesManager.swift; sourceTree = "<group>"; };
		59095B562DA2CFAA009F6634 /* CurrencySyncTests.xctest */ = {isa = PBXFileReference; explicitFileType = wrapper.cfbundle; includeInIndex = 0; path = CurrencySyncTests.xctest; sourceTree = BUILT_PRODUCTS_DIR; };
		59095B602DA2CFC7009F6634 /* FavoritesManagerTests.swift */ = {isa = PBXFileReference; lastKnownFileType = sourcecode.swift; path = FavoritesManagerTests.swift; sourceTree = "<group>"; };
		59095B672DA3DD45009F6634 /* LastUpdateTimeView.swift */ = {isa = PBXFileReference; lastKnownFileType = sourcecode.swift; path = LastUpdateTimeView.swift; sourceTree = "<group>"; };
		59095B6A2DA3F617009F6634 /* AssetRow.swift */ = {isa = PBXFileReference; lastKnownFileType = sourcecode.swift; path = AssetRow.swift; sourceTree = "<group>"; };
		59095B6C2DA3F654009F6634 /* SearchBar.swift */ = {isa = PBXFileReference; lastKnownFileType = sourcecode.swift; path = SearchBar.swift; sourceTree = "<group>"; };
		59095B712DA3FA90009F6634 /* TopAlert.swift */ = {isa = PBXFileReference; lastKnownFileType = sourcecode.swift; path = TopAlert.swift; sourceTree = "<group>"; };
		59095B742DA3FACD009F6634 /* MonitorConnection.swift */ = {isa = PBXFileReference; lastKnownFileType = sourcecode.swift; path = MonitorConnection.swift; sourceTree = "<group>"; };
		59095B772DA4091C009F6634 /* AssetRowModel.swift */ = {isa = PBXFileReference; lastKnownFileType = sourcecode.swift; path = AssetRowModel.swift; sourceTree = "<group>"; };
		592977AC29EC7ADD00536347 /* String+Extensions.swift */ = {isa = PBXFileReference; lastKnownFileType = sourcecode.swift; path = "String+Extensions.swift"; sourceTree = "<group>"; };
		592977B029EC7ADD00536347 /* CurrencySyncApp.swift */ = {isa = PBXFileReference; lastKnownFileType = sourcecode.swift; path = CurrencySyncApp.swift; sourceTree = "<group>"; };
		592977B329EC7ADD00536347 /* APIClient.swift */ = {isa = PBXFileReference; lastKnownFileType = sourcecode.swift; path = APIClient.swift; sourceTree = "<group>"; };
		592977B529EC7ADD00536347 /* ExchangerRouter.swift */ = {isa = PBXFileReference; lastKnownFileType = sourcecode.swift; path = ExchangerRouter.swift; sourceTree = "<group>"; };
		592977B629EC7ADD00536347 /* ExchangerClient.swift */ = {isa = PBXFileReference; lastKnownFileType = sourcecode.swift; path = ExchangerClient.swift; sourceTree = "<group>"; };
		592977B829EC7ADD00536347 /* EmptyResponse.swift */ = {isa = PBXFileReference; lastKnownFileType = sourcecode.swift; path = EmptyResponse.swift; sourceTree = "<group>"; };
		592977B929EC7ADD00536347 /* APIError.swift */ = {isa = PBXFileReference; lastKnownFileType = sourcecode.swift; path = APIError.swift; sourceTree = "<group>"; };
		592977BA29EC7ADD00536347 /* APIErrorCode.swift */ = {isa = PBXFileReference; lastKnownFileType = sourcecode.swift; path = APIErrorCode.swift; sourceTree = "<group>"; };
		592977BB29EC7ADD00536347 /* HTTPMethod.swift */ = {isa = PBXFileReference; lastKnownFileType = sourcecode.swift; path = HTTPMethod.swift; sourceTree = "<group>"; };
		592977BC29EC7ADD00536347 /* BaseRouter.swift */ = {isa = PBXFileReference; lastKnownFileType = sourcecode.swift; path = BaseRouter.swift; sourceTree = "<group>"; };
		592977BD29EC7ADD00536347 /* ErrorResponce.swift */ = {isa = PBXFileReference; lastKnownFileType = sourcecode.swift; path = ErrorResponce.swift; sourceTree = "<group>"; };
		592977BE29EC7ADD00536347 /* NetworkService.swift */ = {isa = PBXFileReference; lastKnownFileType = sourcecode.swift; path = NetworkService.swift; sourceTree = "<group>"; };
		592977BF29EC7ADD00536347 /* Assets.xcassets */ = {isa = PBXFileReference; lastKnownFileType = folder.assetcatalog; path = Assets.xcassets; sourceTree = "<group>"; };
		592977C129EC7ADD00536347 /* Log.swift */ = {isa = PBXFileReference; lastKnownFileType = sourcecode.swift; path = Log.swift; sourceTree = "<group>"; };
		592977C329EC7ADD00536347 /* Preview Assets.xcassets */ = {isa = PBXFileReference; lastKnownFileType = folder.assetcatalog; path = "Preview Assets.xcassets"; sourceTree = "<group>"; };
		592977C429EC7ADD00536347 /* Info.plist */ = {isa = PBXFileReference; lastKnownFileType = text.plist.xml; path = Info.plist; sourceTree = "<group>"; };
		592977C629EC7ADD00536347 /* AppStorageManager.swift */ = {isa = PBXFileReference; lastKnownFileType = sourcecode.swift; path = AppStorageManager.swift; sourceTree = "<group>"; };
		592977C729EC7ADD00536347 /* CodableService.swift */ = {isa = PBXFileReference; lastKnownFileType = sourcecode.swift; path = CodableService.swift; sourceTree = "<group>"; };
		592977CF29EC7ADD00536347 /* AssetViewModel.swift */ = {isa = PBXFileReference; lastKnownFileType = sourcecode.swift; path = AssetViewModel.swift; sourceTree = "<group>"; };
		592977D029EC7ADD00536347 /* AssetView.swift */ = {isa = PBXFileReference; lastKnownFileType = sourcecode.swift; path = AssetView.swift; sourceTree = "<group>"; };
		592977D329EC7ADD00536347 /* CurrencyRowModel.swift */ = {isa = PBXFileReference; lastKnownFileType = sourcecode.swift; path = CurrencyRowModel.swift; sourceTree = "<group>"; };
		592977D429EC7ADD00536347 /* CurrencyRowView.swift */ = {isa = PBXFileReference; lastKnownFileType = sourcecode.swift; path = CurrencyRowView.swift; sourceTree = "<group>"; };
		592977D529EC7ADD00536347 /* CurrencyView.swift */ = {isa = PBXFileReference; lastKnownFileType = sourcecode.swift; path = CurrencyView.swift; sourceTree = "<group>"; };
		592977D629EC7ADD00536347 /* CurrencyModel.swift */ = {isa = PBXFileReference; lastKnownFileType = sourcecode.swift; path = CurrencyModel.swift; sourceTree = "<group>"; };
		592977D729EC7ADD00536347 /* CurrencyViewModel.swift */ = {isa = PBXFileReference; lastKnownFileType = sourcecode.swift; path = CurrencyViewModel.swift; sourceTree = "<group>"; };
		59700D7629EC555B0050D854 /* FlowStacks */ = {isa = PBXFileReference; lastKnownFileType = wrapper; path = FlowStacks; sourceTree = "<group>"; };
		59D0DEB229E9D04B00BA8055 /* CurrencySync.app */ = {isa = PBXFileReference; explicitFileType = wrapper.application; includeInIndex = 0; path = CurrencySync.app; sourceTree = BUILT_PRODUCTS_DIR; };
/* End PBXFileReference section */

/* Begin PBXFrameworksBuildPhase section */
		59095B532DA2CFAA009F6634 /* Frameworks */ = {
			isa = PBXFrameworksBuildPhase;
			buildActionMask = 2147483647;
			files = (
			);
			runOnlyForDeploymentPostprocessing = 0;
		};
		59D0DEAF29E9D04B00BA8055 /* Frameworks */ = {
			isa = PBXFrameworksBuildPhase;
			buildActionMask = 2147483647;
			files = (
				59700D7129EB38B50050D854 /* FlowStacks in Frameworks */,
			);
			runOnlyForDeploymentPostprocessing = 0;
		};
/* End PBXFrameworksBuildPhase section */

/* Begin PBXGroup section */
		59095B482DA1F4DC009F6634 /* CurrencyCoordinator */ = {
			isa = PBXGroup;
			children = (
				59095B462DA1F4DC009F6634 /* CurrencyCoordinator.swift */,
				59095B472DA1F4DC009F6634 /* CurrencyCoordinatorViewModel.swift */,
			);
			path = CurrencyCoordinator;
			sourceTree = "<group>";
		};
		59095B492DA1F4DC009F6634 /* Coordinator */ = {
			isa = PBXGroup;
			children = (
				59095B482DA1F4DC009F6634 /* CurrencyCoordinator */,
			);
			path = Coordinator;
			sourceTree = "<group>";
		};
		59095B612DA2CFC7009F6634 /* CurrencySyncTests */ = {
			isa = PBXGroup;
			children = (
				59095B602DA2CFC7009F6634 /* FavoritesManagerTests.swift */,
			);
			path = CurrencySyncTests;
			sourceTree = "<group>";
		};
		59095B652DA3DD14009F6634 /* CurrencyRow */ = {
			isa = PBXGroup;
			children = (
				592977D329EC7ADD00536347 /* CurrencyRowModel.swift */,
				592977D429EC7ADD00536347 /* CurrencyRowView.swift */,
			);
			path = CurrencyRow;
			sourceTree = "<group>";
		};
		59095B662DA3DD26009F6634 /* LastUpdateTime */ = {
			isa = PBXGroup;
			children = (
				59095B672DA3DD45009F6634 /* LastUpdateTimeView.swift */,
			);
			path = LastUpdateTime;
			sourceTree = "<group>";
		};
		59095B692DA3F605009F6634 /* Components */ = {
			isa = PBXGroup;
			children = (
				59095B792DA40936009F6634 /* SearchBar */,
				59095B762DA408AB009F6634 /* AssetRow */,
			);
			path = Components;
			sourceTree = "<group>";
		};
		59095B6E2DA3FA52009F6634 /* Common */ = {
			isa = PBXGroup;
			children = (
				59095B6F2DA3FA79009F6634 /* CommonView */,
				592977B129EC7ADD00536347 /* Networking */,
				592977A929EC7ADD00536347 /* Extension */,
				592977C529EC7ADD00536347 /* Services */,
				592977C029EC7ADD00536347 /* Utils */,
			);
			path = Common;
			sourceTree = "<group>";
		};
		59095B6F2DA3FA79009F6634 /* CommonView */ = {
			isa = PBXGroup;
			children = (
				59095B702DA3FA85009F6634 /* TopAlert */,
			);
			path = CommonView;
			sourceTree = "<group>";
		};
		59095B702DA3FA85009F6634 /* TopAlert */ = {
			isa = PBXGroup;
			children = (
				59095B712DA3FA90009F6634 /* TopAlert.swift */,
			);
			path = TopAlert;
			sourceTree = "<group>";
		};
		59095B762DA408AB009F6634 /* AssetRow */ = {
			isa = PBXGroup;
			children = (
				59095B6A2DA3F617009F6634 /* AssetRow.swift */,
				59095B772DA4091C009F6634 /* AssetRowModel.swift */,
			);
			path = AssetRow;
			sourceTree = "<group>";
		};
		59095B792DA40936009F6634 /* SearchBar */ = {
			isa = PBXGroup;
			children = (
				59095B6C2DA3F654009F6634 /* SearchBar.swift */,
			);
			path = SearchBar;
			sourceTree = "<group>";
		};
		592977A829EC7ADD00536347 /* CurrencySync */ = {
			isa = PBXGroup;
			children = (
				592977B029EC7ADD00536347 /* CurrencySyncApp.swift */,
				59095B6E2DA3FA52009F6634 /* Common */,
				592977CA29EC7ADD00536347 /* Flow */,
				592977BF29EC7ADD00536347 /* Assets.xcassets */,
				592977C429EC7ADD00536347 /* Info.plist */,
				592977C229EC7ADD00536347 /* Preview Content */,
			);
			path = CurrencySync;
			sourceTree = "<group>";
		};
		592977A929EC7ADD00536347 /* Extension */ = {
			isa = PBXGroup;
			children = (
				592977AC29EC7ADD00536347 /* String+Extensions.swift */,
			);
			path = Extension;
			sourceTree = "<group>";
		};
		592977B129EC7ADD00536347 /* Networking */ = {
			isa = PBXGroup;
			children = (
				592977B229EC7ADD00536347 /* Clients */,
				592977B729EC7ADD00536347 /* Models */,
				592977BE29EC7ADD00536347 /* NetworkService.swift */,
			);
			path = Networking;
			sourceTree = "<group>";
		};
		592977B229EC7ADD00536347 /* Clients */ = {
			isa = PBXGroup;
			children = (
				592977B329EC7ADD00536347 /* APIClient.swift */,
				592977B429EC7ADD00536347 /* Exchanger */,
			);
			path = Clients;
			sourceTree = "<group>";
		};
		592977B429EC7ADD00536347 /* Exchanger */ = {
			isa = PBXGroup;
			children = (
				592977B529EC7ADD00536347 /* ExchangerRouter.swift */,
				592977B629EC7ADD00536347 /* ExchangerClient.swift */,
			);
			path = Exchanger;
			sourceTree = "<group>";
		};
		592977B729EC7ADD00536347 /* Models */ = {
			isa = PBXGroup;
			children = (
				592977BC29EC7ADD00536347 /* BaseRouter.swift */,
				592977B829EC7ADD00536347 /* EmptyResponse.swift */,
				592977B929EC7ADD00536347 /* APIError.swift */,
				592977BA29EC7ADD00536347 /* APIErrorCode.swift */,
				592977BB29EC7ADD00536347 /* HTTPMethod.swift */,
				592977BD29EC7ADD00536347 /* ErrorResponce.swift */,
			);
			path = Models;
			sourceTree = "<group>";
		};
		592977C029EC7ADD00536347 /* Utils */ = {
			isa = PBXGroup;
			children = (
				592977C129EC7ADD00536347 /* Log.swift */,
			);
			path = Utils;
			sourceTree = "<group>";
		};
		592977C229EC7ADD00536347 /* Preview Content */ = {
			isa = PBXGroup;
			children = (
				592977C329EC7ADD00536347 /* Preview Assets.xcassets */,
			);
			path = "Preview Content";
			sourceTree = "<group>";
		};
		592977C529EC7ADD00536347 /* Services */ = {
			isa = PBXGroup;
			children = (
				592977C629EC7ADD00536347 /* AppStorageManager.swift */,
				59095B4C2DA2C738009F6634 /* FavoritesManager.swift */,
				592977C729EC7ADD00536347 /* CodableService.swift */,
				59095B742DA3FACD009F6634 /* MonitorConnection.swift */,
			);
			path = Services;
			sourceTree = "<group>";
		};
		592977CA29EC7ADD00536347 /* Flow */ = {
			isa = PBXGroup;
			children = (
				59095B492DA1F4DC009F6634 /* Coordinator */,
				592977D129EC7ADD00536347 /* CurrencyView */,
				592977CE29EC7ADD00536347 /* AssetView */,
			);
			path = Flow;
			sourceTree = "<group>";
		};
		592977CE29EC7ADD00536347 /* AssetView */ = {
			isa = PBXGroup;
			children = (
				59095B692DA3F605009F6634 /* Components */,
				592977CF29EC7ADD00536347 /* AssetViewModel.swift */,
				592977D029EC7ADD00536347 /* AssetView.swift */,
			);
			path = AssetView;
			sourceTree = "<group>";
		};
		592977D129EC7ADD00536347 /* CurrencyView */ = {
			isa = PBXGroup;
			children = (
				592977D229EC7ADD00536347 /* Components */,
				592977D629EC7ADD00536347 /* CurrencyModel.swift */,
				592977D529EC7ADD00536347 /* CurrencyView.swift */,
				592977D729EC7ADD00536347 /* CurrencyViewModel.swift */,
			);
			path = CurrencyView;
			sourceTree = "<group>";
		};
		592977D229EC7ADD00536347 /* Components */ = {
			isa = PBXGroup;
			children = (
				59095B662DA3DD26009F6634 /* LastUpdateTime */,
				59095B652DA3DD14009F6634 /* CurrencyRow */,
			);
			path = Components;
			sourceTree = "<group>";
		};
		59700D6A29EB37330050D854 /* Packages */ = {
			isa = PBXGroup;
			children = (
				59700D7629EC555B0050D854 /* FlowStacks */,
			);
			name = Packages;
			sourceTree = "<group>";
		};
		59700D6F29EB38B50050D854 /* Frameworks */ = {
			isa = PBXGroup;
			children = (
			);
			name = Frameworks;
			sourceTree = "<group>";
		};
		59D0DEA929E9D04B00BA8055 = {
			isa = PBXGroup;
			children = (
				59700D6A29EB37330050D854 /* Packages */,
				592977A829EC7ADD00536347 /* CurrencySync */,
				59095B612DA2CFC7009F6634 /* CurrencySyncTests */,
				59D0DEB329E9D04B00BA8055 /* Products */,
				59700D6F29EB38B50050D854 /* Frameworks */,
			);
			sourceTree = "<group>";
		};
		59D0DEB329E9D04B00BA8055 /* Products */ = {
			isa = PBXGroup;
			children = (
				59D0DEB229E9D04B00BA8055 /* CurrencySync.app */,
				59095B562DA2CFAA009F6634 /* CurrencySyncTests.xctest */,
			);
			name = Products;
			sourceTree = "<group>";
		};
/* End PBXGroup section */

/* Begin PBXNativeTarget section */
		59095B552DA2CFAA009F6634 /* CurrencySyncTests */ = {
			isa = PBXNativeTarget;
			buildConfigurationList = 59095B5C2DA2CFAA009F6634 /* Build configuration list for PBXNativeTarget "CurrencySyncTests" */;
			buildPhases = (
				59095B522DA2CFAA009F6634 /* Sources */,
				59095B532DA2CFAA009F6634 /* Frameworks */,
				59095B542DA2CFAA009F6634 /* Resources */,
			);
			buildRules = (
			);
			dependencies = (
				59095B5B2DA2CFAA009F6634 /* PBXTargetDependency */,
			);
			name = CurrencySyncTests;
			packageProductDependencies = (
			);
			productName = ExchangerTests;
			productReference = 59095B562DA2CFAA009F6634 /* CurrencySyncTests.xctest */;
			productType = "com.apple.product-type.bundle.unit-test";
		};
		59D0DEB129E9D04B00BA8055 /* CurrencySync */ = {
			isa = PBXNativeTarget;
			buildConfigurationList = 59D0DEC029E9D04C00BA8055 /* Build configuration list for PBXNativeTarget "CurrencySync" */;
			buildPhases = (
				59D0DEAE29E9D04B00BA8055 /* Sources */,
				59D0DEAF29E9D04B00BA8055 /* Frameworks */,
				59D0DEB029E9D04B00BA8055 /* Resources */,
			);
			buildRules = (
			);
			dependencies = (
			);
			name = CurrencySync;
			packageProductDependencies = (
				59700D7029EB38B50050D854 /* FlowStacks */,
			);
			productName = SwiftUITest;
			productReference = 59D0DEB229E9D04B00BA8055 /* CurrencySync.app */;
			productType = "com.apple.product-type.application";
		};
/* End PBXNativeTarget section */

/* Begin PBXProject section */
		59D0DEAA29E9D04B00BA8055 /* Project object */ = {
			isa = PBXProject;
			attributes = {
				BuildIndependentTargetsInParallel = 1;
				LastSwiftUpdateCheck = 1620;
				LastUpgradeCheck = 1430;
				TargetAttributes = {
					59095B552DA2CFAA009F6634 = {
						CreatedOnToolsVersion = 16.2;
						TestTargetID = 59D0DEB129E9D04B00BA8055;
					};
					59D0DEB129E9D04B00BA8055 = {
						CreatedOnToolsVersion = 14.3;
					};
				};
			};
			buildConfigurationList = 59D0DEAD29E9D04B00BA8055 /* Build configuration list for PBXProject "CurrencySync" */;
			compatibilityVersion = "Xcode 14.0";
			developmentRegion = en;
			hasScannedForEncodings = 0;
			knownRegions = (
				en,
				Base,
			);
			mainGroup = 59D0DEA929E9D04B00BA8055;
			productRefGroup = 59D0DEB329E9D04B00BA8055 /* Products */;
			projectDirPath = "";
			projectRoot = "";
			targets = (
				59D0DEB129E9D04B00BA8055 /* CurrencySync */,
				59095B552DA2CFAA009F6634 /* CurrencySyncTests */,
			);
		};
/* End PBXProject section */

/* Begin PBXResourcesBuildPhase section */
		59095B542DA2CFAA009F6634 /* Resources */ = {
			isa = PBXResourcesBuildPhase;
			buildActionMask = 2147483647;
			files = (
			);
			runOnlyForDeploymentPostprocessing = 0;
		};
		59D0DEB029E9D04B00BA8055 /* Resources */ = {
			isa = PBXResourcesBuildPhase;
			buildActionMask = 2147483647;
			files = (
				592977F029EC9D4B00536347 /* Preview Assets.xcassets in Resources */,
				592977EE29EC9D4400536347 /* Assets.xcassets in Resources */,
			);
			runOnlyForDeploymentPostprocessing = 0;
		};
/* End PBXResourcesBuildPhase section */

/* Begin PBXSourcesBuildPhase section */
		59095B522DA2CFAA009F6634 /* Sources */ = {
			isa = PBXSourcesBuildPhase;
			buildActionMask = 2147483647;
			files = (
				59095B622DA2CFC7009F6634 /* FavoritesManagerTests.swift in Sources */,
			);
			runOnlyForDeploymentPostprocessing = 0;
		};
		59D0DEAE29E9D04B00BA8055 /* Sources */ = {
			isa = PBXSourcesBuildPhase;
			buildActionMask = 2147483647;
			files = (
				59095B752DA3FACD009F6634 /* MonitorConnection.swift in Sources */,
				5929780229EC9D6500536347 /* CurrencyRowView.swift in Sources */,
				592977F629EC9D6500536347 /* AppStorageManager.swift in Sources */,
				5929780729EC9FB100536347 /* String+Extensions.swift in Sources */,
				592977EC29EC9D3C00536347 /* NetworkService.swift in Sources */,
				592977FE29EC9D6500536347 /* CurrencyRowModel.swift in Sources */,
				592977E329EC9D1200536347 /* CurrencySyncApp.swift in Sources */,
				592977EF29EC9D4700536347 /* Log.swift in Sources */,
				59095B6B2DA3F617009F6634 /* AssetRow.swift in Sources */,
				59095B722DA3FA90009F6634 /* TopAlert.swift in Sources */,
				592977E529EC9D2A00536347 /* ExchangerRouter.swift in Sources */,
				592977E429EC9D2600536347 /* APIClient.swift in Sources */,
				59095B682DA3DD45009F6634 /* LastUpdateTimeView.swift in Sources */,
				592977E729EC9D3700536347 /* EmptyResponse.swift in Sources */,
				59095B4D2DA2C738009F6634 /* FavoritesManager.swift in Sources */,
				59095B4A2DA1F4DC009F6634 /* CurrencyCoordinatorViewModel.swift in Sources */,
				59095B4B2DA1F4DC009F6634 /* CurrencyCoordinator.swift in Sources */,
				592977FC29EC9D6500536347 /* CurrencyViewModel.swift in Sources */,
				592977EA29EC9D3C00536347 /* APIErrorCode.swift in Sources */,
				59095B6D2DA3F654009F6634 /* SearchBar.swift in Sources */,
				592977EB29EC9D3C00536347 /* HTTPMethod.swift in Sources */,
				592977F929EC9D6500536347 /* CurrencyView.swift in Sources */,
				59095B782DA4091C009F6634 /* AssetRowModel.swift in Sources */,
				592977ED29EC9D3C00536347 /* BaseRouter.swift in Sources */,
				592977E629EC9D2C00536347 /* ExchangerClient.swift in Sources */,
				5929780329EC9D6500536347 /* AssetView.swift in Sources */,
				592977E829EC9D3C00536347 /* ErrorResponce.swift in Sources */,
				592977FD29EC9D6500536347 /* AssetViewModel.swift in Sources */,
				592977F729EC9D6500536347 /* CurrencyModel.swift in Sources */,
				592977F429EC9D6500536347 /* CodableService.swift in Sources */,
				592977E929EC9D3C00536347 /* APIError.swift in Sources */,
			);
			runOnlyForDeploymentPostprocessing = 0;
		};
/* End PBXSourcesBuildPhase section */

/* Begin PBXTargetDependency section */
		59095B5B2DA2CFAA009F6634 /* PBXTargetDependency */ = {
			isa = PBXTargetDependency;
			target = 59D0DEB129E9D04B00BA8055 /* CurrencySync */;
			targetProxy = 59095B5A2DA2CFAA009F6634 /* PBXContainerItemProxy */;
		};
/* End PBXTargetDependency section */

/* Begin XCBuildConfiguration section */
		59095B5D2DA2CFAA009F6634 /* Debug */ = {
			isa = XCBuildConfiguration;
			buildSettings = {
				ASSETCATALOG_COMPILER_GENERATE_SWIFT_ASSET_SYMBOL_EXTENSIONS = YES;
				BUNDLE_LOADER = "$(TEST_HOST)";
				CODE_SIGN_STYLE = Automatic;
				CURRENT_PROJECT_VERSION = 1;
				DEVELOPMENT_TEAM = WYTYY84432;
				ENABLE_USER_SCRIPT_SANDBOXING = YES;
				GCC_C_LANGUAGE_STANDARD = gnu17;
				GENERATE_INFOPLIST_FILE = YES;
				IPHONEOS_DEPLOYMENT_TARGET = 17.0;
				LOCALIZATION_PREFERS_STRING_CATALOGS = YES;
				MARKETING_VERSION = 1.0;
				PRODUCT_BUNDLE_IDENTIFIER = com.andrew.ExchangerTests;
				PRODUCT_NAME = "$(TARGET_NAME)";
				SWIFT_ACTIVE_COMPILATION_CONDITIONS = "DEBUG $(inherited)";
				SWIFT_EMIT_LOC_STRINGS = NO;
				SWIFT_VERSION = 5.0;
				TARGETED_DEVICE_FAMILY = "1,2";
				TEST_HOST = "$(BUILT_PRODUCTS_DIR)/CurrencySync.app/$(BUNDLE_EXECUTABLE_FOLDER_PATH)/CurrencySync";
			};
			name = Debug;
		};
		59095B5E2DA2CFAA009F6634 /* Release */ = {
			isa = XCBuildConfiguration;
			buildSettings = {
				ASSETCATALOG_COMPILER_GENERATE_SWIFT_ASSET_SYMBOL_EXTENSIONS = YES;
				BUNDLE_LOADER = "$(TEST_HOST)";
				CODE_SIGN_STYLE = Automatic;
				CURRENT_PROJECT_VERSION = 1;
				DEVELOPMENT_TEAM = WYTYY84432;
				ENABLE_USER_SCRIPT_SANDBOXING = YES;
				GCC_C_LANGUAGE_STANDARD = gnu17;
				GENERATE_INFOPLIST_FILE = YES;
				IPHONEOS_DEPLOYMENT_TARGET = 17.0;
				LOCALIZATION_PREFERS_STRING_CATALOGS = YES;
				MARKETING_VERSION = 1.0;
				PRODUCT_BUNDLE_IDENTIFIER = com.andrew.ExchangerTests;
				PRODUCT_NAME = "$(TARGET_NAME)";
				SWIFT_EMIT_LOC_STRINGS = NO;
				SWIFT_VERSION = 5.0;
				TARGETED_DEVICE_FAMILY = "1,2";
				TEST_HOST = "$(BUILT_PRODUCTS_DIR)/CurrencySync.app/$(BUNDLE_EXECUTABLE_FOLDER_PATH)/CurrencySync";
			};
			name = Release;
		};
		59D0DEBE29E9D04C00BA8055 /* Debug */ = {
			isa = XCBuildConfiguration;
			buildSettings = {
				ALWAYS_SEARCH_USER_PATHS = NO;
				CLANG_ANALYZER_NONNULL = YES;
				CLANG_ANALYZER_NUMBER_OBJECT_CONVERSION = YES_AGGRESSIVE;
				CLANG_CXX_LANGUAGE_STANDARD = "gnu++20";
				CLANG_ENABLE_MODULES = YES;
				CLANG_ENABLE_OBJC_ARC = YES;
				CLANG_ENABLE_OBJC_WEAK = YES;
				CLANG_WARN_BLOCK_CAPTURE_AUTORELEASING = YES;
				CLANG_WARN_BOOL_CONVERSION = YES;
				CLANG_WARN_COMMA = YES;
				CLANG_WARN_CONSTANT_CONVERSION = YES;
				CLANG_WARN_DEPRECATED_OBJC_IMPLEMENTATIONS = YES;
				CLANG_WARN_DIRECT_OBJC_ISA_USAGE = YES_ERROR;
				CLANG_WARN_DOCUMENTATION_COMMENTS = YES;
				CLANG_WARN_EMPTY_BODY = YES;
				CLANG_WARN_ENUM_CONVERSION = YES;
				CLANG_WARN_INFINITE_RECURSION = YES;
				CLANG_WARN_INT_CONVERSION = YES;
				CLANG_WARN_NON_LITERAL_NULL_CONVERSION = YES;
				CLANG_WARN_OBJC_IMPLICIT_RETAIN_SELF = YES;
				CLANG_WARN_OBJC_LITERAL_CONVERSION = YES;
				CLANG_WARN_OBJC_ROOT_CLASS = YES_ERROR;
				CLANG_WARN_QUOTED_INCLUDE_IN_FRAMEWORK_HEADER = YES;
				CLANG_WARN_RANGE_LOOP_ANALYSIS = YES;
				CLANG_WARN_STRICT_PROTOTYPES = YES;
				CLANG_WARN_SUSPICIOUS_MOVE = YES;
				CLANG_WARN_UNGUARDED_AVAILABILITY = YES_AGGRESSIVE;
				CLANG_WARN_UNREACHABLE_CODE = YES;
				CLANG_WARN__DUPLICATE_METHOD_MATCH = YES;
				COPY_PHASE_STRIP = NO;
				DEBUG_INFORMATION_FORMAT = dwarf;
				ENABLE_STRICT_OBJC_MSGSEND = YES;
				ENABLE_TESTABILITY = YES;
				GCC_C_LANGUAGE_STANDARD = gnu11;
				GCC_DYNAMIC_NO_PIC = NO;
				GCC_NO_COMMON_BLOCKS = YES;
				GCC_OPTIMIZATION_LEVEL = 0;
				GCC_PREPROCESSOR_DEFINITIONS = (
					"DEBUG=1",
					"$(inherited)",
				);
				GCC_WARN_64_TO_32_BIT_CONVERSION = YES;
				GCC_WARN_ABOUT_RETURN_TYPE = YES_ERROR;
				GCC_WARN_UNDECLARED_SELECTOR = YES;
				GCC_WARN_UNINITIALIZED_AUTOS = YES_AGGRESSIVE;
				GCC_WARN_UNUSED_FUNCTION = YES;
				GCC_WARN_UNUSED_VARIABLE = YES;
				IPHONEOS_DEPLOYMENT_TARGET = 16.4;
				MTL_ENABLE_DEBUG_INFO = INCLUDE_SOURCE;
				MTL_FAST_MATH = YES;
				ONLY_ACTIVE_ARCH = YES;
				SDKROOT = iphoneos;
				SWIFT_ACTIVE_COMPILATION_CONDITIONS = DEBUG;
				SWIFT_OPTIMIZATION_LEVEL = "-Onone";
			};
			name = Debug;
		};
		59D0DEBF29E9D04C00BA8055 /* Release */ = {
			isa = XCBuildConfiguration;
			buildSettings = {
				ALWAYS_SEARCH_USER_PATHS = NO;
				CLANG_ANALYZER_NONNULL = YES;
				CLANG_ANALYZER_NUMBER_OBJECT_CONVERSION = YES_AGGRESSIVE;
				CLANG_CXX_LANGUAGE_STANDARD = "gnu++20";
				CLANG_ENABLE_MODULES = YES;
				CLANG_ENABLE_OBJC_ARC = YES;
				CLANG_ENABLE_OBJC_WEAK = YES;
				CLANG_WARN_BLOCK_CAPTURE_AUTORELEASING = YES;
				CLANG_WARN_BOOL_CONVERSION = YES;
				CLANG_WARN_COMMA = YES;
				CLANG_WARN_CONSTANT_CONVERSION = YES;
				CLANG_WARN_DEPRECATED_OBJC_IMPLEMENTATIONS = YES;
				CLANG_WARN_DIRECT_OBJC_ISA_USAGE = YES_ERROR;
				CLANG_WARN_DOCUMENTATION_COMMENTS = YES;
				CLANG_WARN_EMPTY_BODY = YES;
				CLANG_WARN_ENUM_CONVERSION = YES;
				CLANG_WARN_INFINITE_RECURSION = YES;
				CLANG_WARN_INT_CONVERSION = YES;
				CLANG_WARN_NON_LITERAL_NULL_CONVERSION = YES;
				CLANG_WARN_OBJC_IMPLICIT_RETAIN_SELF = YES;
				CLANG_WARN_OBJC_LITERAL_CONVERSION = YES;
				CLANG_WARN_OBJC_ROOT_CLASS = YES_ERROR;
				CLANG_WARN_QUOTED_INCLUDE_IN_FRAMEWORK_HEADER = YES;
				CLANG_WARN_RANGE_LOOP_ANALYSIS = YES;
				CLANG_WARN_STRICT_PROTOTYPES = YES;
				CLANG_WARN_SUSPICIOUS_MOVE = YES;
				CLANG_WARN_UNGUARDED_AVAILABILITY = YES_AGGRESSIVE;
				CLANG_WARN_UNREACHABLE_CODE = YES;
				CLANG_WARN__DUPLICATE_METHOD_MATCH = YES;
				COPY_PHASE_STRIP = NO;
				DEBUG_INFORMATION_FORMAT = "dwarf-with-dsym";
				ENABLE_NS_ASSERTIONS = NO;
				ENABLE_STRICT_OBJC_MSGSEND = YES;
				GCC_C_LANGUAGE_STANDARD = gnu11;
				GCC_NO_COMMON_BLOCKS = YES;
				GCC_WARN_64_TO_32_BIT_CONVERSION = YES;
				GCC_WARN_ABOUT_RETURN_TYPE = YES_ERROR;
				GCC_WARN_UNDECLARED_SELECTOR = YES;
				GCC_WARN_UNINITIALIZED_AUTOS = YES_AGGRESSIVE;
				GCC_WARN_UNUSED_FUNCTION = YES;
				GCC_WARN_UNUSED_VARIABLE = YES;
				IPHONEOS_DEPLOYMENT_TARGET = 16.4;
				MTL_ENABLE_DEBUG_INFO = NO;
				MTL_FAST_MATH = YES;
				SDKROOT = iphoneos;
				SWIFT_COMPILATION_MODE = wholemodule;
				SWIFT_OPTIMIZATION_LEVEL = "-O";
				VALIDATE_PRODUCT = YES;
			};
			name = Release;
		};
		59D0DEC129E9D04C00BA8055 /* Debug */ = {
			isa = XCBuildConfiguration;
			buildSettings = {
				ASSETCATALOG_COMPILER_APPICON_NAME = AppIcon;
				ASSETCATALOG_COMPILER_GLOBAL_ACCENT_COLOR_NAME = AccentColor;
				CODE_SIGN_STYLE = Automatic;
				CURRENT_PROJECT_VERSION = 1;
				DEVELOPMENT_ASSET_PATHS = "\"CurrencySync/Preview Content\"";
				DEVELOPMENT_TEAM = F7545ULWS4;
				ENABLE_PREVIEWS = YES;
				GENERATE_INFOPLIST_FILE = YES;
				INFOPLIST_FILE = CurrencySync/Info.plist;
				INFOPLIST_KEY_CFBundleDisplayName = CurrencySync;
				INFOPLIST_KEY_UIApplicationSceneManifest_Generation = YES;
				INFOPLIST_KEY_UIApplicationSupportsIndirectInputEvents = YES;
				INFOPLIST_KEY_UILaunchScreen_Generation = YES;
				INFOPLIST_KEY_UISupportedInterfaceOrientations_iPad = "UIInterfaceOrientationPortrait UIInterfaceOrientationPortraitUpsideDown UIInterfaceOrientationLandscapeLeft UIInterfaceOrientationLandscapeRight";
				INFOPLIST_KEY_UISupportedInterfaceOrientations_iPhone = "UIInterfaceOrientationPortrait UIInterfaceOrientationLandscapeLeft UIInterfaceOrientationLandscapeRight";
				IPHONEOS_DEPLOYMENT_TARGET = 17.0;
				LD_RUNPATH_SEARCH_PATHS = (
					"$(inherited)",
					"@executable_path/Frameworks",
				);
				MARKETING_VERSION = 1.0;
				PRODUCT_BUNDLE_IDENTIFIER = com.andrew.currencySync;
				PRODUCT_NAME = "$(TARGET_NAME)";
				SWIFT_EMIT_LOC_STRINGS = YES;
				SWIFT_VERSION = 5.0;
				TARGETED_DEVICE_FAMILY = "1,2";
			};
			name = Debug;
		};
		59D0DEC229E9D04C00BA8055 /* Release */ = {
			isa = XCBuildConfiguration;
			buildSettings = {
				ASSETCATALOG_COMPILER_APPICON_NAME = AppIcon;
				ASSETCATALOG_COMPILER_GLOBAL_ACCENT_COLOR_NAME = AccentColor;
				CODE_SIGN_STYLE = Automatic;
				CURRENT_PROJECT_VERSION = 1;
				DEVELOPMENT_ASSET_PATHS = "\"CurrencySync/Preview Content\"";
				DEVELOPMENT_TEAM = F7545ULWS4;
				ENABLE_PREVIEWS = YES;
				GENERATE_INFOPLIST_FILE = YES;
				INFOPLIST_FILE = CurrencySync/Info.plist;
				INFOPLIST_KEY_CFBundleDisplayName = CurrencySync;
				INFOPLIST_KEY_UIApplicationSceneManifest_Generation = YES;
				INFOPLIST_KEY_UIApplicationSupportsIndirectInputEvents = YES;
				INFOPLIST_KEY_UILaunchScreen_Generation = YES;
				INFOPLIST_KEY_UISupportedInterfaceOrientations_iPad = "UIInterfaceOrientationPortrait UIInterfaceOrientationPortraitUpsideDown UIInterfaceOrientationLandscapeLeft UIInterfaceOrientationLandscapeRight";
				INFOPLIST_KEY_UISupportedInterfaceOrientations_iPhone = "UIInterfaceOrientationPortrait UIInterfaceOrientationLandscapeLeft UIInterfaceOrientationLandscapeRight";
				IPHONEOS_DEPLOYMENT_TARGET = 17.0;
				LD_RUNPATH_SEARCH_PATHS = (
					"$(inherited)",
					"@executable_path/Frameworks",
				);
				MARKETING_VERSION = 1.0;
				PRODUCT_BUNDLE_IDENTIFIER = com.andrew.currencySync;
				PRODUCT_NAME = "$(TARGET_NAME)";
				SWIFT_EMIT_LOC_STRINGS = YES;
				SWIFT_VERSION = 5.0;
				TARGETED_DEVICE_FAMILY = "1,2";
			};
			name = Release;
		};
/* End XCBuildConfiguration section */

/* Begin XCConfigurationList section */
		59095B5C2DA2CFAA009F6634 /* Build configuration list for PBXNativeTarget "CurrencySyncTests" */ = {
			isa = XCConfigurationList;
			buildConfigurations = (
				59095B5D2DA2CFAA009F6634 /* Debug */,
				59095B5E2DA2CFAA009F6634 /* Release */,
			);
			defaultConfigurationIsVisible = 0;
			defaultConfigurationName = Release;
		};
		59D0DEAD29E9D04B00BA8055 /* Build configuration list for PBXProject "CurrencySync" */ = {
			isa = XCConfigurationList;
			buildConfigurations = (
				59D0DEBE29E9D04C00BA8055 /* Debug */,
				59D0DEBF29E9D04C00BA8055 /* Release */,
			);
			defaultConfigurationIsVisible = 0;
			defaultConfigurationName = Release;
		};
		59D0DEC029E9D04C00BA8055 /* Build configuration list for PBXNativeTarget "CurrencySync" */ = {
			isa = XCConfigurationList;
			buildConfigurations = (
				59D0DEC129E9D04C00BA8055 /* Debug */,
				59D0DEC229E9D04C00BA8055 /* Release */,
			);
			defaultConfigurationIsVisible = 0;
			defaultConfigurationName = Release;
		};
/* End XCConfigurationList section */

/* Begin XCSwiftPackageProductDependency section */
		59700D7029EB38B50050D854 /* FlowStacks */ = {
			isa = XCSwiftPackageProductDependency;
			productName = FlowStacks;
		};
/* End XCSwiftPackageProductDependency section */
	};
	rootObject = 59D0DEAA29E9D04B00BA8055 /* Project object */;
}
